
Microsoft Visual Studio Solution File, Format Version 12.00
# Visual Studio 15
VisualStudioVersion = 15.0.27130.2027
MinimumVisualStudioVersion = 10.0.40219.1
Project("{FAE04EC0-301F-11D3-BF4B-00C04F79EFBC}") = "CodeFirst", "CodeFirst\CodeFirst.csproj", "{937509E5-37D6-4542-BDCB-3A53BBD16F28}"
EndProject
Global
	GlobalSection(SolutionConfigurationPlatforms) = preSolution
		Debug|Any CPU = Debug|Any CPU
		Release|Any CPU = Release|Any CPU
	EndGlobalSection
	GlobalSection(ProjectConfigurationPlatforms) = postSolution
		{937509E5-37D6-4542-BDCB-3A53BBD16F28}.Debug|Any CPU.ActiveCfg = Debug|Any CPU
		{937509E5-37D6-4542-BDCB-3A53BBD16F28}.Debug|Any CPU.Build.0 = Debug|Any CPU
		{937509E5-37D6-4542-BDCB-3A53BBD16F28}.Release|Any CPU.ActiveCfg = Release|Any CPU
		{937509E5-37D6-4542-BDCB-3A53BBD16F28}.Release|Any CPU.Build.0 = Release|Any CPU
	EndGlobalSection
	GlobalSection(SolutionProperties) = preSolution
		HideSolutionNode = FALSE
	EndGlobalSection
	GlobalSection(ExtensibilityGlobals) = postSolution
		SolutionGuid = {78699FBA-3F33-48B9-909E-BD9BAAE53E1A}
	EndGlobalSection
EndGlobal
