
Microsoft Visual Studio Solution File, Format Version 12.00
# Visual Studio 15
VisualStudioVersion = 15.0.27130.2027
MinimumVisualStudioVersion = 10.0.40219.1
Project("{FAE04EC0-301F-11D3-BF4B-00C04F79EFBC}") = "CodeFirstexistingDB", "CodeFirstexistingDB\CodeFirstexistingDB.csproj", "{782EA71C-B0C4-42D3-ACD6-0BA660F42A09}"
EndProject
Global
	GlobalSection(SolutionConfigurationPlatforms) = preSolution
		Debug|Any CPU = Debug|Any CPU
		Release|Any CPU = Release|Any CPU
	EndGlobalSection
	GlobalSection(ProjectConfigurationPlatforms) = postSolution
		{782EA71C-B0C4-42D3-ACD6-0BA660F42A09}.Debug|Any CPU.ActiveCfg = Debug|Any CPU
		{782EA71C-B0C4-42D3-ACD6-0BA660F42A09}.Debug|Any CPU.Build.0 = Debug|Any CPU
		{782EA71C-B0C4-42D3-ACD6-0BA660F42A09}.Release|Any CPU.ActiveCfg = Release|Any CPU
		{782EA71C-B0C4-42D3-ACD6-0BA660F42A09}.Release|Any CPU.Build.0 = Release|Any CPU
	EndGlobalSection
	GlobalSection(SolutionProperties) = preSolution
		HideSolutionNode = FALSE
	EndGlobalSection
	GlobalSection(ExtensibilityGlobals) = postSolution
		SolutionGuid = {392657BB-3A1F-4F64-B81E-6C4F619DA13B}
	EndGlobalSection
EndGlobal
